{
  "originHash" : "6fde75950afe7875efd60a1abf0341c3c82fcd3e8af3b6091daa2fa009edd233",
  "pins" : [
    {
      "identity" : "capacitor-swift-pm",
      "kind" : "remoteSourceControl",
      "location" : "https://github.com/ionic-team/capacitor-swift-pm.git",
      "state" : {
        "revision" : "f1a8fadf1437c23b825c818fb6509c9dbbae2f61",
        "version" : "8.3.1"
      }
    }
  ],
  "version" : 3
}
